
Microsoft Visual Studio Solution File, Format Version 12.00
# Visual Studio Version 17
VisualStudioVersion = 17.0.31808.319
MinimumVisualStudioVersion = 10.0.40219.1
Project("{2150E333-8FDC-42A3-9474-1A3956D46DE8}") = "Solution Items", "Solution Items", "{73515924-4345-4D85-ADB4-143A74B739FA}"
	ProjectSection(SolutionItems) = preProject
		.editorconfig = .editorconfig
	EndProjectSection
EndProject
Project("{9A19103F-16F7-4668-BE54-9A1E7A4F7556}") = "PixelStacker.Tools", "PixelStacker.Tools\PixelStacker.Tools.csproj", "{2E6E34FF-95F4-4E8D-B0AA-862079BAE090}"
EndProject
Project("{9A19103F-16F7-4668-BE54-9A1E7A4F7556}") = "PixelStacker.Logic", "PixelStacker.Logic\PixelStacker.Logic.csproj", "{1FE5C2E4-B194-4298-AD7D-E203ACE7AF23}"
EndProject
Project("{9A19103F-16F7-4668-BE54-9A1E7A4F7556}") = "PixelStacker", "PixelStacker\PixelStacker.csproj", "{D3845714-A796-4BD7-99E7-45470704A929}"
EndProject
Project("{9A19103F-16F7-4668-BE54-9A1E7A4F7556}") = "PixelStacker.Benchmarks", "PixelStacker.Benchmarks\PixelStacker.Benchmarks.csproj", "{BA690EDE-E6E8-487A-A4FA-36D3935472CD}"
EndProject
Project("{9A19103F-16F7-4668-BE54-9A1E7A4F7556}") = "PixelStacker.Tests", "PixelStacker.Tests\PixelStacker.Tests.csproj", "{2C5EA831-1DA3-47E5-8411-AC594DD642A1}"
EndProject
Project("{2150E333-8FDC-42A3-9474-1A3956D46DE8}") = "Tests", "Tests", "{30B3021B-06A5-4706-B10A-6E0ED0A5113E}"
EndProject
Project("{2150E333-8FDC-42A3-9474-1A3956D46DE8}") = "Exports", "Exports", "{72F94322-E4AB-4954-9664-BC651AA8778D}"
EndProject
Project("{FAE04EC0-301F-11D3-BF4B-00C04F79EFBC}") = "PixelStacker (Old)", "..\src_old\PixelStacker\PixelStacker (Old).csproj", "{D21DE6D2-34FE-468C-A322-C3F48681BE16}"
EndProject
Project("{FAE04EC0-301F-11D3-BF4B-00C04F79EFBC}") = "PixelStacker.Components", "..\src_old\PixelStacker.Components\PixelStacker.Components.csproj", "{C97F62AC-524E-4892-A86E-A0721F10289F}"
EndProject
Project("{2150E333-8FDC-42A3-9474-1A3956D46DE8}") = "z__Crap", "z__Crap", "{B3263083-DE6C-47E5-9473-12079EB9FEB9}"
EndProject
Project("{9A19103F-16F7-4668-BE54-9A1E7A4F7556}") = "PixelStacker.Resources", "PixelStacker.Resources\PixelStacker.Resources.csproj", "{06E1E93C-962B-42D9-9564-60452CA38105}"
EndProject
Project("{9A19103F-16F7-4668-BE54-9A1E7A4F7556}") = "PixelStacker.Console", "PixelStacker.Console\PixelStacker.Console.csproj", "{F7C2C4F8-FFF9-4892-9556-02492E898DDC}"
EndProject
Project("{9A19103F-16F7-4668-BE54-9A1E7A4F7556}") = "PixelStacker.CodeGenerator", "PixelStacker.CodeGenerator\PixelStacker.CodeGenerator.csproj", "{3C0646DA-B5F1-4CC1-A302-5CE5E03B06A8}"
EndProject
Project("{9A19103F-16F7-4668-BE54-9A1E7A4F7556}") = "FNBT", "FNbt.Core\FNBT.csproj", "{601FE83D-245D-4858-A21A-82770709C875}"
EndProject
Global
	GlobalSection(SolutionConfigurationPlatforms) = preSolution
		Debug|Any CPU = Debug|Any CPU
		Debug|x64 = Debug|x64
		Release|Any CPU = Release|Any CPU
		Release|x64 = Release|x64
	EndGlobalSection
	GlobalSection(ProjectConfigurationPlatforms) = postSolution
		{2E6E34FF-95F4-4E8D-B0AA-862079BAE090}.Debug|Any CPU.ActiveCfg = Debug|Any CPU
		{2E6E34FF-95F4-4E8D-B0AA-862079BAE090}.Debug|Any CPU.Build.0 = Debug|Any CPU
		{2E6E34FF-95F4-4E8D-B0AA-862079BAE090}.Debug|x64.ActiveCfg = Debug|Any CPU
		{2E6E34FF-95F4-4E8D-B0AA-862079BAE090}.Debug|x64.Build.0 = Debug|Any CPU
		{2E6E34FF-95F4-4E8D-B0AA-862079BAE090}.Release|Any CPU.ActiveCfg = Release|Any CPU
		{2E6E34FF-95F4-4E8D-B0AA-862079BAE090}.Release|Any CPU.Build.0 = Release|Any CPU
		{2E6E34FF-95F4-4E8D-B0AA-862079BAE090}.Release|x64.ActiveCfg = Release|Any CPU
		{2E6E34FF-95F4-4E8D-B0AA-862079BAE090}.Release|x64.Build.0 = Release|Any CPU
		{1FE5C2E4-B194-4298-AD7D-E203ACE7AF23}.Debug|Any CPU.ActiveCfg = Debug|Any CPU
		{1FE5C2E4-B194-4298-AD7D-E203ACE7AF23}.Debug|Any CPU.Build.0 = Debug|Any CPU
		{1FE5C2E4-B194-4298-AD7D-E203ACE7AF23}.Debug|x64.ActiveCfg = Debug|Any CPU
		{1FE5C2E4-B194-4298-AD7D-E203ACE7AF23}.Debug|x64.Build.0 = Debug|Any CPU
		{1FE5C2E4-B194-4298-AD7D-E203ACE7AF23}.Release|Any CPU.ActiveCfg = Release|Any CPU
		{1FE5C2E4-B194-4298-AD7D-E203ACE7AF23}.Release|Any CPU.Build.0 = Release|Any CPU
		{1FE5C2E4-B194-4298-AD7D-E203ACE7AF23}.Release|x64.ActiveCfg = Release|Any CPU
		{1FE5C2E4-B194-4298-AD7D-E203ACE7AF23}.Release|x64.Build.0 = Release|Any CPU
		{D3845714-A796-4BD7-99E7-45470704A929}.Debug|Any CPU.ActiveCfg = Debug|Any CPU
		{D3845714-A796-4BD7-99E7-45470704A929}.Debug|Any CPU.Build.0 = Debug|Any CPU
		{D3845714-A796-4BD7-99E7-45470704A929}.Debug|x64.ActiveCfg = Debug|Any CPU
		{D3845714-A796-4BD7-99E7-45470704A929}.Debug|x64.Build.0 = Debug|Any CPU
		{D3845714-A796-4BD7-99E7-45470704A929}.Release|Any CPU.ActiveCfg = Release|Any CPU
		{D3845714-A796-4BD7-99E7-45470704A929}.Release|Any CPU.Build.0 = Release|Any CPU
		{D3845714-A796-4BD7-99E7-45470704A929}.Release|x64.ActiveCfg = Release|Any CPU
		{D3845714-A796-4BD7-99E7-45470704A929}.Release|x64.Build.0 = Release|Any CPU
		{BA690EDE-E6E8-487A-A4FA-36D3935472CD}.Debug|Any CPU.ActiveCfg = Debug|Any CPU
		{BA690EDE-E6E8-487A-A4FA-36D3935472CD}.Debug|Any CPU.Build.0 = Debug|Any CPU
		{BA690EDE-E6E8-487A-A4FA-36D3935472CD}.Debug|x64.ActiveCfg = Debug|Any CPU
		{BA690EDE-E6E8-487A-A4FA-36D3935472CD}.Debug|x64.Build.0 = Debug|Any CPU
		{BA690EDE-E6E8-487A-A4FA-36D3935472CD}.Release|Any CPU.ActiveCfg = Release|Any CPU
		{BA690EDE-E6E8-487A-A4FA-36D3935472CD}.Release|Any CPU.Build.0 = Release|Any CPU
		{BA690EDE-E6E8-487A-A4FA-36D3935472CD}.Release|x64.ActiveCfg = Release|Any CPU
		{BA690EDE-E6E8-487A-A4FA-36D3935472CD}.Release|x64.Build.0 = Release|Any CPU
		{2C5EA831-1DA3-47E5-8411-AC594DD642A1}.Debug|Any CPU.ActiveCfg = Debug|Any CPU
		{2C5EA831-1DA3-47E5-8411-AC594DD642A1}.Debug|Any CPU.Build.0 = Debug|Any CPU
		{2C5EA831-1DA3-47E5-8411-AC594DD642A1}.Debug|x64.ActiveCfg = Debug|Any CPU
		{2C5EA831-1DA3-47E5-8411-AC594DD642A1}.Debug|x64.Build.0 = Debug|Any CPU
		{2C5EA831-1DA3-47E5-8411-AC594DD642A1}.Release|Any CPU.ActiveCfg = Release|Any CPU
		{2C5EA831-1DA3-47E5-8411-AC594DD642A1}.Release|Any CPU.Build.0 = Release|Any CPU
		{2C5EA831-1DA3-47E5-8411-AC594DD642A1}.Release|x64.ActiveCfg = Release|Any CPU
		{2C5EA831-1DA3-47E5-8411-AC594DD642A1}.Release|x64.Build.0 = Release|Any CPU
		{D21DE6D2-34FE-468C-A322-C3F48681BE16}.Debug|Any CPU.ActiveCfg = Debug|Any CPU
		{D21DE6D2-34FE-468C-A322-C3F48681BE16}.Debug|Any CPU.Build.0 = Debug|Any CPU
		{D21DE6D2-34FE-468C-A322-C3F48681BE16}.Debug|x64.ActiveCfg = Debug|x64
		{D21DE6D2-34FE-468C-A322-C3F48681BE16}.Debug|x64.Build.0 = Debug|x64
		{D21DE6D2-34FE-468C-A322-C3F48681BE16}.Release|Any CPU.ActiveCfg = Release|Any CPU
		{D21DE6D2-34FE-468C-A322-C3F48681BE16}.Release|Any CPU.Build.0 = Release|Any CPU
		{D21DE6D2-34FE-468C-A322-C3F48681BE16}.Release|x64.ActiveCfg = Release|x64
		{D21DE6D2-34FE-468C-A322-C3F48681BE16}.Release|x64.Build.0 = Release|x64
		{C97F62AC-524E-4892-A86E-A0721F10289F}.Debug|Any CPU.ActiveCfg = Debug|Any CPU
		{C97F62AC-524E-4892-A86E-A0721F10289F}.Debug|Any CPU.Build.0 = Debug|Any CPU
		{C97F62AC-524E-4892-A86E-A0721F10289F}.Debug|x64.ActiveCfg = Debug|Any CPU
		{C97F62AC-524E-4892-A86E-A0721F10289F}.Debug|x64.Build.0 = Debug|Any CPU
		{C97F62AC-524E-4892-A86E-A0721F10289F}.Release|Any CPU.ActiveCfg = Release|Any CPU
		{C97F62AC-524E-4892-A86E-A0721F10289F}.Release|Any CPU.Build.0 = Release|Any CPU
		{C97F62AC-524E-4892-A86E-A0721F10289F}.Release|x64.ActiveCfg = Release|Any CPU
		{C97F62AC-524E-4892-A86E-A0721F10289F}.Release|x64.Build.0 = Release|Any CPU
		{06E1E93C-962B-42D9-9564-60452CA38105}.Debug|Any CPU.ActiveCfg = Debug|Any CPU
		{06E1E93C-962B-42D9-9564-60452CA38105}.Debug|Any CPU.Build.0 = Debug|Any CPU
		{06E1E93C-962B-42D9-9564-60452CA38105}.Debug|x64.ActiveCfg = Debug|Any CPU
		{06E1E93C-962B-42D9-9564-60452CA38105}.Debug|x64.Build.0 = Debug|Any CPU
		{06E1E93C-962B-42D9-9564-60452CA38105}.Release|Any CPU.ActiveCfg = Release|Any CPU
		{06E1E93C-962B-42D9-9564-60452CA38105}.Release|Any CPU.Build.0 = Release|Any CPU
		{06E1E93C-962B-42D9-9564-60452CA38105}.Release|x64.ActiveCfg = Release|Any CPU
		{06E1E93C-962B-42D9-9564-60452CA38105}.Release|x64.Build.0 = Release|Any CPU
		{F7C2C4F8-FFF9-4892-9556-02492E898DDC}.Debug|Any CPU.ActiveCfg = Debug|Any CPU
		{F7C2C4F8-FFF9-4892-9556-02492E898DDC}.Debug|Any CPU.Build.0 = Debug|Any CPU
		{F7C2C4F8-FFF9-4892-9556-02492E898DDC}.Debug|x64.ActiveCfg = Debug|Any CPU
		{F7C2C4F8-FFF9-4892-9556-02492E898DDC}.Debug|x64.Build.0 = Debug|Any CPU
		{F7C2C4F8-FFF9-4892-9556-02492E898DDC}.Release|Any CPU.ActiveCfg = Release|Any CPU
		{F7C2C4F8-FFF9-4892-9556-02492E898DDC}.Release|Any CPU.Build.0 = Release|Any CPU
		{F7C2C4F8-FFF9-4892-9556-02492E898DDC}.Release|x64.ActiveCfg = Release|Any CPU
		{F7C2C4F8-FFF9-4892-9556-02492E898DDC}.Release|x64.Build.0 = Release|Any CPU
		{3C0646DA-B5F1-4CC1-A302-5CE5E03B06A8}.Debug|Any CPU.ActiveCfg = Debug|Any CPU
		{3C0646DA-B5F1-4CC1-A302-5CE5E03B06A8}.Debug|Any CPU.Build.0 = Debug|Any CPU
		{3C0646DA-B5F1-4CC1-A302-5CE5E03B06A8}.Debug|x64.ActiveCfg = Debug|Any CPU
		{3C0646DA-B5F1-4CC1-A302-5CE5E03B06A8}.Debug|x64.Build.0 = Debug|Any CPU
		{3C0646DA-B5F1-4CC1-A302-5CE5E03B06A8}.Release|Any CPU.ActiveCfg = Release|Any CPU
		{3C0646DA-B5F1-4CC1-A302-5CE5E03B06A8}.Release|Any CPU.Build.0 = Release|Any CPU
		{3C0646DA-B5F1-4CC1-A302-5CE5E03B06A8}.Release|x64.ActiveCfg = Release|Any CPU
		{3C0646DA-B5F1-4CC1-A302-5CE5E03B06A8}.Release|x64.Build.0 = Release|Any CPU
		{601FE83D-245D-4858-A21A-82770709C875}.Debug|Any CPU.ActiveCfg = Debug|Any CPU
		{601FE83D-245D-4858-A21A-82770709C875}.Debug|Any CPU.Build.0 = Debug|Any CPU
		{601FE83D-245D-4858-A21A-82770709C875}.Debug|x64.ActiveCfg = Debug|Any CPU
		{601FE83D-245D-4858-A21A-82770709C875}.Debug|x64.Build.0 = Debug|Any CPU
		{601FE83D-245D-4858-A21A-82770709C875}.Release|Any CPU.ActiveCfg = Release|Any CPU
		{601FE83D-245D-4858-A21A-82770709C875}.Release|Any CPU.Build.0 = Release|Any CPU
		{601FE83D-245D-4858-A21A-82770709C875}.Release|x64.ActiveCfg = Release|Any CPU
		{601FE83D-245D-4858-A21A-82770709C875}.Release|x64.Build.0 = Release|Any CPU
	EndGlobalSection
	GlobalSection(SolutionProperties) = preSolution
		HideSolutionNode = FALSE
	EndGlobalSection
	GlobalSection(NestedProjects) = preSolution
		{2E6E34FF-95F4-4E8D-B0AA-862079BAE090} = {30B3021B-06A5-4706-B10A-6E0ED0A5113E}
		{D3845714-A796-4BD7-99E7-45470704A929} = {72F94322-E4AB-4954-9664-BC651AA8778D}
		{BA690EDE-E6E8-487A-A4FA-36D3935472CD} = {30B3021B-06A5-4706-B10A-6E0ED0A5113E}
		{2C5EA831-1DA3-47E5-8411-AC594DD642A1} = {30B3021B-06A5-4706-B10A-6E0ED0A5113E}
		{D21DE6D2-34FE-468C-A322-C3F48681BE16} = {72F94322-E4AB-4954-9664-BC651AA8778D}
		{C97F62AC-524E-4892-A86E-A0721F10289F} = {B3263083-DE6C-47E5-9473-12079EB9FEB9}
		{06E1E93C-962B-42D9-9564-60452CA38105} = {72F94322-E4AB-4954-9664-BC651AA8778D}
		{F7C2C4F8-FFF9-4892-9556-02492E898DDC} = {B3263083-DE6C-47E5-9473-12079EB9FEB9}
		{3C0646DA-B5F1-4CC1-A302-5CE5E03B06A8} = {30B3021B-06A5-4706-B10A-6E0ED0A5113E}
	EndGlobalSection
	GlobalSection(ExtensibilityGlobals) = postSolution
		SolutionGuid = {A29988A5-796D-4617-BA27-1E343C883D5E}
	EndGlobalSection
EndGlobal
