
Microsoft Visual Studio Solution File, Format Version 12.00
# Visual Studio Version 16
VisualStudioVersion = 16.0.31727.386
MinimumVisualStudioVersion = 10.0.40219.1
Project("{2150E333-8FDC-42A3-9474-1A3956D46DE8}") = "Solution Items", "Solution Items", "{73515924-4345-4D85-ADB4-143A74B739FA}"
	ProjectSection(SolutionItems) = preProject
		.editorconfig = .editorconfig
	EndProjectSection
EndProject
Project("{9A19103F-16F7-4668-BE54-9A1E7A4F7556}") = "PixelStacker.Logic", "PixelStacker.Logic\PixelStacker.Logic.csproj", "{1FE5C2E4-B194-4298-AD7D-E203ACE7AF23}"
EndProject
Project("{2150E333-8FDC-42A3-9474-1A3956D46DE8}") = "Exports", "Exports", "{72F94322-E4AB-4954-9664-BC651AA8778D}"
EndProject
Project("{2150E333-8FDC-42A3-9474-1A3956D46DE8}") = "Core", "Core", "{B3263083-DE6C-47E5-9473-12079EB9FEB9}"
EndProject
Project("{9A19103F-16F7-4668-BE54-9A1E7A4F7556}") = "PixelStacker.Resources", "PixelStacker.Resources\PixelStacker.Resources.csproj", "{06E1E93C-962B-42D9-9564-60452CA38105}"
EndProject
Project("{FAE04EC0-301F-11D3-BF4B-00C04F79EFBC}") = "PixelStacker.Web.Net", "PixelStacker.Web.Net\PixelStacker.Web.Net.csproj", "{CBF76760-1591-40F7-9099-CD8E61EF05A2}"
EndProject
Global
	GlobalSection(SolutionConfigurationPlatforms) = preSolution
		Debug CLI|Any CPU = Debug CLI|Any CPU
		Debug CLI|x64 = Debug CLI|x64
		Debug|Any CPU = Debug|Any CPU
		Debug|x64 = Debug|x64
		Release|Any CPU = Release|Any CPU
		Release|x64 = Release|x64
	EndGlobalSection
	GlobalSection(ProjectConfigurationPlatforms) = postSolution
		{1FE5C2E4-B194-4298-AD7D-E203ACE7AF23}.Debug CLI|Any CPU.ActiveCfg = Debug|Any CPU
		{1FE5C2E4-B194-4298-AD7D-E203ACE7AF23}.Debug CLI|Any CPU.Build.0 = Debug|Any CPU
		{1FE5C2E4-B194-4298-AD7D-E203ACE7AF23}.Debug CLI|x64.ActiveCfg = Debug|Any CPU
		{1FE5C2E4-B194-4298-AD7D-E203ACE7AF23}.Debug CLI|x64.Build.0 = Debug|Any CPU
		{1FE5C2E4-B194-4298-AD7D-E203ACE7AF23}.Debug|Any CPU.ActiveCfg = Debug|Any CPU
		{1FE5C2E4-B194-4298-AD7D-E203ACE7AF23}.Debug|Any CPU.Build.0 = Debug|Any CPU
		{1FE5C2E4-B194-4298-AD7D-E203ACE7AF23}.Debug|x64.ActiveCfg = Debug|Any CPU
		{1FE5C2E4-B194-4298-AD7D-E203ACE7AF23}.Debug|x64.Build.0 = Debug|Any CPU
		{1FE5C2E4-B194-4298-AD7D-E203ACE7AF23}.Release|Any CPU.ActiveCfg = Release|Any CPU
		{1FE5C2E4-B194-4298-AD7D-E203ACE7AF23}.Release|Any CPU.Build.0 = Release|Any CPU
		{1FE5C2E4-B194-4298-AD7D-E203ACE7AF23}.Release|x64.ActiveCfg = Release|Any CPU
		{1FE5C2E4-B194-4298-AD7D-E203ACE7AF23}.Release|x64.Build.0 = Release|Any CPU
		{06E1E93C-962B-42D9-9564-60452CA38105}.Debug CLI|Any CPU.ActiveCfg = Debug|Any CPU
		{06E1E93C-962B-42D9-9564-60452CA38105}.Debug CLI|Any CPU.Build.0 = Debug|Any CPU
		{06E1E93C-962B-42D9-9564-60452CA38105}.Debug CLI|x64.ActiveCfg = Debug|Any CPU
		{06E1E93C-962B-42D9-9564-60452CA38105}.Debug CLI|x64.Build.0 = Debug|Any CPU
		{06E1E93C-962B-42D9-9564-60452CA38105}.Debug|Any CPU.ActiveCfg = Debug|Any CPU
		{06E1E93C-962B-42D9-9564-60452CA38105}.Debug|Any CPU.Build.0 = Debug|Any CPU
		{06E1E93C-962B-42D9-9564-60452CA38105}.Debug|x64.ActiveCfg = Debug|Any CPU
		{06E1E93C-962B-42D9-9564-60452CA38105}.Debug|x64.Build.0 = Debug|Any CPU
		{06E1E93C-962B-42D9-9564-60452CA38105}.Release|Any CPU.ActiveCfg = Release|Any CPU
		{06E1E93C-962B-42D9-9564-60452CA38105}.Release|Any CPU.Build.0 = Release|Any CPU
		{06E1E93C-962B-42D9-9564-60452CA38105}.Release|x64.ActiveCfg = Release|Any CPU
		{06E1E93C-962B-42D9-9564-60452CA38105}.Release|x64.Build.0 = Release|Any CPU
		{CBF76760-1591-40F7-9099-CD8E61EF05A2}.Debug CLI|Any CPU.ActiveCfg = Debug|Any CPU
		{CBF76760-1591-40F7-9099-CD8E61EF05A2}.Debug CLI|Any CPU.Build.0 = Debug|Any CPU
		{CBF76760-1591-40F7-9099-CD8E61EF05A2}.Debug CLI|x64.ActiveCfg = Debug|Any CPU
		{CBF76760-1591-40F7-9099-CD8E61EF05A2}.Debug CLI|x64.Build.0 = Debug|Any CPU
		{CBF76760-1591-40F7-9099-CD8E61EF05A2}.Debug|Any CPU.ActiveCfg = Debug|Any CPU
		{CBF76760-1591-40F7-9099-CD8E61EF05A2}.Debug|Any CPU.Build.0 = Debug|Any CPU
		{CBF76760-1591-40F7-9099-CD8E61EF05A2}.Debug|x64.ActiveCfg = Debug|Any CPU
		{CBF76760-1591-40F7-9099-CD8E61EF05A2}.Debug|x64.Build.0 = Debug|Any CPU
		{CBF76760-1591-40F7-9099-CD8E61EF05A2}.Release|Any CPU.ActiveCfg = Release|Any CPU
		{CBF76760-1591-40F7-9099-CD8E61EF05A2}.Release|Any CPU.Build.0 = Release|Any CPU
		{CBF76760-1591-40F7-9099-CD8E61EF05A2}.Release|x64.ActiveCfg = Release|Any CPU
		{CBF76760-1591-40F7-9099-CD8E61EF05A2}.Release|x64.Build.0 = Release|Any CPU
	EndGlobalSection
	GlobalSection(SolutionProperties) = preSolution
		HideSolutionNode = FALSE
	EndGlobalSection
	GlobalSection(NestedProjects) = preSolution
		{1FE5C2E4-B194-4298-AD7D-E203ACE7AF23} = {B3263083-DE6C-47E5-9473-12079EB9FEB9}
		{06E1E93C-962B-42D9-9564-60452CA38105} = {B3263083-DE6C-47E5-9473-12079EB9FEB9}
	EndGlobalSection
	GlobalSection(ExtensibilityGlobals) = postSolution
		SolutionGuid = {A29988A5-796D-4617-BA27-1E343C883D5E}
	EndGlobalSection
EndGlobal
